github.com/Aquarian-Age/xa v0.0.0-20210519052648-c3558f5abe45 h1:fUbVL3CvCrawVTVhnP6AJ4aKIaVKZdlHLDvo6Y2hrc8=
github.com/Aquarian-Age/xa v0.0.0-20210519052648-c3558f5abe45/go.mod h1:ES1Bhkk7UqtR4diwLMqHwg0o6ZGM6OQwuJ+KHHuYUJw=
github.com/starainrt/astro v0.0.0-20210304105239-5bd51a8aad8f h1:5MsYLA0yDF/CeGszA3cIeA9isFrr68NeR/C3399bipI=
github.com/starainrt/astro v0.0.0-20210304105239-5bd51a8aad8f/go.mod h1:aouKnxcSoddULB1nHg3afX18i7JAQs7HgwsIHpzNeis=
